
Microsoft Visual Studio Solution File, Format Version 12.00
Project("{FAE04EC0-301F-11D3-BF4B-00C04F79EFBC}") = "flow-lang", "flow-lang\flow-lang.csproj", "{A48748CF-C29C-4D57-994D-9A78C3166A84}"
EndProject
Project("{FAE04EC0-301F-11D3-BF4B-00C04F79EFBC}") = "flow-interpreter", "flow-interpreter\flow-interpreter.csproj", "{803583CD-6AE6-475A-8D98-4463A395F01F}"
EndProject
Project("{FAE04EC0-301F-11D3-BF4B-00C04F79EFBC}") = "flow-midi", "flow-midi\flow-midi.csproj", "{DC930FEA-0744-46E3-9FA6-31078A59D4C2}"
EndProject
Project("{FAE04EC0-301F-11D3-BF4B-00C04F79EFBC}") = "flow-cli", "flow-cli\flow-cli.csproj", "{5617C149-81AB-4E7D-9D2B-8C14CA029968}"
EndProject
Project("{FAE04EC0-301F-11D3-BF4B-00C04F79EFBC}") = "flow-lang.Tests", "flow-lang.Tests\flow-lang.Tests.csproj", "{7765B99F-0694-45E5-9E99-EFF722C869E2}"
EndProject
Project("{FAE04EC0-301F-11D3-BF4B-00C04F79EFBC}") = "flow-lsp", "flow-lsp\flow-lsp.csproj", "{6E01FFE6-613D-40AD-80BC-46E8891D6FE7}"
EndProject
Project("{2150E333-8FDC-42A3-9474-1A3956D46DE8}") = "scripts", "scripts", "{C4AD9936-F0DF-1090-6077-3D4A6324E662}"
EndProject
Project("{FAE04EC0-301F-11D3-BF4B-00C04F79EFBC}") = "Migrate26", "scripts\Migrate26\Migrate26.csproj", "{AC9FC373-E62F-49EC-A97E-3208F5F77A24}"
EndProject
Project("{FAE04EC0-301F-11D3-BF4B-00C04F79EFBC}") = "flow-midi.Tests", "flow-midi.Tests\flow-midi.Tests.csproj", "{3E810968-859B-4880-8C4F-A3E01CF9476D}"
EndProject
Global
	GlobalSection(SolutionConfigurationPlatforms) = preSolution
		Debug|Any CPU = Debug|Any CPU
		Debug|x64 = Debug|x64
		Debug|x86 = Debug|x86
		Release|Any CPU = Release|Any CPU
		Release|x64 = Release|x64
		Release|x86 = Release|x86
	EndGlobalSection
	GlobalSection(ProjectConfigurationPlatforms) = postSolution
		{A48748CF-C29C-4D57-994D-9A78C3166A84}.Debug|Any CPU.ActiveCfg = Debug|Any CPU
		{A48748CF-C29C-4D57-994D-9A78C3166A84}.Debug|Any CPU.Build.0 = Debug|Any CPU
		{A48748CF-C29C-4D57-994D-9A78C3166A84}.Debug|x64.ActiveCfg = Debug|Any CPU
		{A48748CF-C29C-4D57-994D-9A78C3166A84}.Debug|x64.Build.0 = Debug|Any CPU
		{A48748CF-C29C-4D57-994D-9A78C3166A84}.Debug|x86.ActiveCfg = Debug|Any CPU
		{A48748CF-C29C-4D57-994D-9A78C3166A84}.Debug|x86.Build.0 = Debug|Any CPU
		{A48748CF-C29C-4D57-994D-9A78C3166A84}.Release|Any CPU.ActiveCfg = Release|Any CPU
		{A48748CF-C29C-4D57-994D-9A78C3166A84}.Release|Any CPU.Build.0 = Release|Any CPU
		{A48748CF-C29C-4D57-994D-9A78C3166A84}.Release|x64.ActiveCfg = Release|Any CPU
		{A48748CF-C29C-4D57-994D-9A78C3166A84}.Release|x64.Build.0 = Release|Any CPU
		{A48748CF-C29C-4D57-994D-9A78C3166A84}.Release|x86.ActiveCfg = Release|Any CPU
		{A48748CF-C29C-4D57-994D-9A78C3166A84}.Release|x86.Build.0 = Release|Any CPU
		{803583CD-6AE6-475A-8D98-4463A395F01F}.Debug|Any CPU.ActiveCfg = Debug|Any CPU
		{803583CD-6AE6-475A-8D98-4463A395F01F}.Debug|Any CPU.Build.0 = Debug|Any CPU
		{803583CD-6AE6-475A-8D98-4463A395F01F}.Debug|x64.ActiveCfg = Debug|Any CPU
		{803583CD-6AE6-475A-8D98-4463A395F01F}.Debug|x64.Build.0 = Debug|Any CPU
		{803583CD-6AE6-475A-8D98-4463A395F01F}.Debug|x86.ActiveCfg = Debug|Any CPU
		{803583CD-6AE6-475A-8D98-4463A395F01F}.Debug|x86.Build.0 = Debug|Any CPU
		{803583CD-6AE6-475A-8D98-4463A395F01F}.Release|Any CPU.ActiveCfg = Release|Any CPU
		{803583CD-6AE6-475A-8D98-4463A395F01F}.Release|Any CPU.Build.0 = Release|Any CPU
		{803583CD-6AE6-475A-8D98-4463A395F01F}.Release|x64.ActiveCfg = Release|Any CPU
		{803583CD-6AE6-475A-8D98-4463A395F01F}.Release|x64.Build.0 = Release|Any CPU
		{803583CD-6AE6-475A-8D98-4463A395F01F}.Release|x86.ActiveCfg = Release|Any CPU
		{803583CD-6AE6-475A-8D98-4463A395F01F}.Release|x86.Build.0 = Release|Any CPU
		{DC930FEA-0744-46E3-9FA6-31078A59D4C2}.Debug|Any CPU.ActiveCfg = Debug|Any CPU
		{DC930FEA-0744-46E3-9FA6-31078A59D4C2}.Debug|Any CPU.Build.0 = Debug|Any CPU
		{DC930FEA-0744-46E3-9FA6-31078A59D4C2}.Debug|x64.ActiveCfg = Debug|Any CPU
		{DC930FEA-0744-46E3-9FA6-31078A59D4C2}.Debug|x64.Build.0 = Debug|Any CPU
		{DC930FEA-0744-46E3-9FA6-31078A59D4C2}.Debug|x86.ActiveCfg = Debug|Any CPU
		{DC930FEA-0744-46E3-9FA6-31078A59D4C2}.Debug|x86.Build.0 = Debug|Any CPU
		{DC930FEA-0744-46E3-9FA6-31078A59D4C2}.Release|Any CPU.ActiveCfg = Release|Any CPU
		{DC930FEA-0744-46E3-9FA6-31078A59D4C2}.Release|Any CPU.Build.0 = Release|Any CPU
		{DC930FEA-0744-46E3-9FA6-31078A59D4C2}.Release|x64.ActiveCfg = Release|Any CPU
		{DC930FEA-0744-46E3-9FA6-31078A59D4C2}.Release|x64.Build.0 = Release|Any CPU
		{DC930FEA-0744-46E3-9FA6-31078A59D4C2}.Release|x86.ActiveCfg = Release|Any CPU
		{DC930FEA-0744-46E3-9FA6-31078A59D4C2}.Release|x86.Build.0 = Release|Any CPU
		{5617C149-81AB-4E7D-9D2B-8C14CA029968}.Debug|Any CPU.ActiveCfg = Debug|Any CPU
		{5617C149-81AB-4E7D-9D2B-8C14CA029968}.Debug|Any CPU.Build.0 = Debug|Any CPU
		{5617C149-81AB-4E7D-9D2B-8C14CA029968}.Debug|x64.ActiveCfg = Debug|Any CPU
		{5617C149-81AB-4E7D-9D2B-8C14CA029968}.Debug|x64.Build.0 = Debug|Any CPU
		{5617C149-81AB-4E7D-9D2B-8C14CA029968}.Debug|x86.ActiveCfg = Debug|Any CPU
		{5617C149-81AB-4E7D-9D2B-8C14CA029968}.Debug|x86.Build.0 = Debug|Any CPU
		{5617C149-81AB-4E7D-9D2B-8C14CA029968}.Release|Any CPU.ActiveCfg = Release|Any CPU
		{5617C149-81AB-4E7D-9D2B-8C14CA029968}.Release|Any CPU.Build.0 = Release|Any CPU
		{5617C149-81AB-4E7D-9D2B-8C14CA029968}.Release|x64.ActiveCfg = Release|Any CPU
		{5617C149-81AB-4E7D-9D2B-8C14CA029968}.Release|x64.Build.0 = Release|Any CPU
		{5617C149-81AB-4E7D-9D2B-8C14CA029968}.Release|x86.ActiveCfg = Release|Any CPU
		{5617C149-81AB-4E7D-9D2B-8C14CA029968}.Release|x86.Build.0 = Release|Any CPU
		{7765B99F-0694-45E5-9E99-EFF722C869E2}.Debug|Any CPU.ActiveCfg = Debug|Any CPU
		{7765B99F-0694-45E5-9E99-EFF722C869E2}.Debug|Any CPU.Build.0 = Debug|Any CPU
		{7765B99F-0694-45E5-9E99-EFF722C869E2}.Debug|x64.ActiveCfg = Debug|Any CPU
		{7765B99F-0694-45E5-9E99-EFF722C869E2}.Debug|x64.Build.0 = Debug|Any CPU
		{7765B99F-0694-45E5-9E99-EFF722C869E2}.Debug|x86.ActiveCfg = Debug|Any CPU
		{7765B99F-0694-45E5-9E99-EFF722C869E2}.Debug|x86.Build.0 = Debug|Any CPU
		{7765B99F-0694-45E5-9E99-EFF722C869E2}.Release|Any CPU.ActiveCfg = Release|Any CPU
		{7765B99F-0694-45E5-9E99-EFF722C869E2}.Release|Any CPU.Build.0 = Release|Any CPU
		{7765B99F-0694-45E5-9E99-EFF722C869E2}.Release|x64.ActiveCfg = Release|Any CPU
		{7765B99F-0694-45E5-9E99-EFF722C869E2}.Release|x64.Build.0 = Release|Any CPU
		{7765B99F-0694-45E5-9E99-EFF722C869E2}.Release|x86.ActiveCfg = Release|Any CPU
		{7765B99F-0694-45E5-9E99-EFF722C869E2}.Release|x86.Build.0 = Release|Any CPU
		{6E01FFE6-613D-40AD-80BC-46E8891D6FE7}.Debug|Any CPU.ActiveCfg = Debug|Any CPU
		{6E01FFE6-613D-40AD-80BC-46E8891D6FE7}.Debug|Any CPU.Build.0 = Debug|Any CPU
		{6E01FFE6-613D-40AD-80BC-46E8891D6FE7}.Debug|x64.ActiveCfg = Debug|Any CPU
		{6E01FFE6-613D-40AD-80BC-46E8891D6FE7}.Debug|x64.Build.0 = Debug|Any CPU
		{6E01FFE6-613D-40AD-80BC-46E8891D6FE7}.Debug|x86.ActiveCfg = Debug|Any CPU
		{6E01FFE6-613D-40AD-80BC-46E8891D6FE7}.Debug|x86.Build.0 = Debug|Any CPU
		{6E01FFE6-613D-40AD-80BC-46E8891D6FE7}.Release|Any CPU.ActiveCfg = Release|Any CPU
		{6E01FFE6-613D-40AD-80BC-46E8891D6FE7}.Release|Any CPU.Build.0 = Release|Any CPU
		{6E01FFE6-613D-40AD-80BC-46E8891D6FE7}.Release|x64.ActiveCfg = Release|Any CPU
		{6E01FFE6-613D-40AD-80BC-46E8891D6FE7}.Release|x64.Build.0 = Release|Any CPU
		{6E01FFE6-613D-40AD-80BC-46E8891D6FE7}.Release|x86.ActiveCfg = Release|Any CPU
		{6E01FFE6-613D-40AD-80BC-46E8891D6FE7}.Release|x86.Build.0 = Release|Any CPU
		{AC9FC373-E62F-49EC-A97E-3208F5F77A24}.Debug|Any CPU.ActiveCfg = Debug|Any CPU
		{AC9FC373-E62F-49EC-A97E-3208F5F77A24}.Debug|Any CPU.Build.0 = Debug|Any CPU
		{AC9FC373-E62F-49EC-A97E-3208F5F77A24}.Debug|x64.ActiveCfg = Debug|Any CPU
		{AC9FC373-E62F-49EC-A97E-3208F5F77A24}.Debug|x64.Build.0 = Debug|Any CPU
		{AC9FC373-E62F-49EC-A97E-3208F5F77A24}.Debug|x86.ActiveCfg = Debug|Any CPU
		{AC9FC373-E62F-49EC-A97E-3208F5F77A24}.Debug|x86.Build.0 = Debug|Any CPU
		{AC9FC373-E62F-49EC-A97E-3208F5F77A24}.Release|Any CPU.ActiveCfg = Release|Any CPU
		{AC9FC373-E62F-49EC-A97E-3208F5F77A24}.Release|Any CPU.Build.0 = Release|Any CPU
		{AC9FC373-E62F-49EC-A97E-3208F5F77A24}.Release|x64.ActiveCfg = Release|Any CPU
		{AC9FC373-E62F-49EC-A97E-3208F5F77A24}.Release|x64.Build.0 = Release|Any CPU
		{AC9FC373-E62F-49EC-A97E-3208F5F77A24}.Release|x86.ActiveCfg = Release|Any CPU
		{AC9FC373-E62F-49EC-A97E-3208F5F77A24}.Release|x86.Build.0 = Release|Any CPU
		{3E810968-859B-4880-8C4F-A3E01CF9476D}.Debug|Any CPU.ActiveCfg = Debug|Any CPU
		{3E810968-859B-4880-8C4F-A3E01CF9476D}.Debug|Any CPU.Build.0 = Debug|Any CPU
		{3E810968-859B-4880-8C4F-A3E01CF9476D}.Debug|x64.ActiveCfg = Debug|Any CPU
		{3E810968-859B-4880-8C4F-A3E01CF9476D}.Debug|x64.Build.0 = Debug|Any CPU
		{3E810968-859B-4880-8C4F-A3E01CF9476D}.Debug|x86.ActiveCfg = Debug|Any CPU
		{3E810968-859B-4880-8C4F-A3E01CF9476D}.Debug|x86.Build.0 = Debug|Any CPU
		{3E810968-859B-4880-8C4F-A3E01CF9476D}.Release|Any CPU.ActiveCfg = Release|Any CPU
		{3E810968-859B-4880-8C4F-A3E01CF9476D}.Release|Any CPU.Build.0 = Release|Any CPU
		{3E810968-859B-4880-8C4F-A3E01CF9476D}.Release|x64.ActiveCfg = Release|Any CPU
		{3E810968-859B-4880-8C4F-A3E01CF9476D}.Release|x64.Build.0 = Release|Any CPU
		{3E810968-859B-4880-8C4F-A3E01CF9476D}.Release|x86.ActiveCfg = Release|Any CPU
		{3E810968-859B-4880-8C4F-A3E01CF9476D}.Release|x86.Build.0 = Release|Any CPU
	EndGlobalSection
	GlobalSection(SolutionProperties) = preSolution
		HideSolutionNode = FALSE
	EndGlobalSection
	GlobalSection(NestedProjects) = preSolution
		{AC9FC373-E62F-49EC-A97E-3208F5F77A24} = {C4AD9936-F0DF-1090-6077-3D4A6324E662}
	EndGlobalSection
EndGlobal
