
Microsoft Visual Studio Solution File, Format Version 12.00
# 
Project("{FAE04EC0-301F-11D3-BF4B-00C04F79EFBC}") = "flow-lang", "flow-lang\flow-lang.csproj", "{A48748CF-C29C-4D57-994D-9A78C3166A84}"
EndProject
Project("{FAE04EC0-301F-11D3-BF4B-00C04F79EFBC}") = "flow-interpreter", "flow-interpreter\flow-interpreter.csproj", "{803583CD-6AE6-475A-8D98-4463A395F01F}"
EndProject
Global
	GlobalSection(SolutionConfigurationPlatforms) = preSolution
		Debug|Any CPU = Debug|Any CPU
		Release|Any CPU = Release|Any CPU
	EndGlobalSection
	GlobalSection(ProjectConfigurationPlatforms) = postSolution
		{A48748CF-C29C-4D57-994D-9A78C3166A84}.Debug|Any CPU.ActiveCfg = Debug|Any CPU
		{A48748CF-C29C-4D57-994D-9A78C3166A84}.Debug|Any CPU.Build.0 = Debug|Any CPU
		{A48748CF-C29C-4D57-994D-9A78C3166A84}.Release|Any CPU.ActiveCfg = Release|Any CPU
		{A48748CF-C29C-4D57-994D-9A78C3166A84}.Release|Any CPU.Build.0 = Release|Any CPU
		{803583CD-6AE6-475A-8D98-4463A395F01F}.Debug|Any CPU.ActiveCfg = Debug|Any CPU
		{803583CD-6AE6-475A-8D98-4463A395F01F}.Debug|Any CPU.Build.0 = Debug|Any CPU
		{803583CD-6AE6-475A-8D98-4463A395F01F}.Release|Any CPU.ActiveCfg = Release|Any CPU
		{803583CD-6AE6-475A-8D98-4463A395F01F}.Release|Any CPU.Build.0 = Release|Any CPU
	EndGlobalSection
EndGlobal
